// !$*UTF8*$!
{
	archiveVersion = 1;
	classes = {
	};
	objectVersion = 46;
	objects = {

/* Begin PBXBuildFile section */
		0783E0941B9003DF006DFFC1 /* TechnologyViewController.swift in Sources */ = {isa = PBXBuildFile; fileRef = 0783E0931B9003DF006DFFC1 /* TechnologyViewController.swift */; };
		078EA6511B93F6F3005CADD7 /* InterstingArticleViewControllerViewController.swift in Sources */ = {isa = PBXBuildFile; fileRef = 078EA6501B93F6F3005CADD7 /* InterstingArticleViewControllerViewController.swift */; };
		0796AAA11B8F00D500A39BD7 /* MJRefresh.bundle in Resources */ = {isa = PBXBuildFile; fileRef = 0796AA891B8F00D500A39BD7 /* MJRefresh.bundle */; };
		0796AAA21B8F00D500A39BD7 /* MJRefreshComponent.m in Sources */ = {isa = PBXBuildFile; fileRef = 0796AA8C1B8F00D500A39BD7 /* MJRefreshComponent.m */; };
		0796AAA31B8F00D500A39BD7 /* MJRefreshConst.m in Sources */ = {isa = PBXBuildFile; fileRef = 0796AA8E1B8F00D500A39BD7 /* MJRefreshConst.m */; };
		0796AAA41B8F00D500A39BD7 /* MJRefreshFooter.m in Sources */ = {isa = PBXBuildFile; fileRef = 0796AA901B8F00D500A39BD7 /* MJRefreshFooter.m */; };
		0796AAA51B8F00D500A39BD7 /* MJRefreshGifFooter.m in Sources */ = {isa = PBXBuildFile; fileRef = 0796AA921B8F00D500A39BD7 /* MJRefreshGifFooter.m */; };
		0796AAA61B8F00D500A39BD7 /* MJRefreshGifHeader.m in Sources */ = {isa = PBXBuildFile; fileRef = 0796AA941B8F00D500A39BD7 /* MJRefreshGifHeader.m */; };
		0796AAA71B8F00D500A39BD7 /* MJRefreshHeader.m in Sources */ = {isa = PBXBuildFile; fileRef = 0796AA961B8F00D500A39BD7 /* MJRefreshHeader.m */; };
		0796AAA81B8F00D500A39BD7 /* MJRefreshLegendFooter.m in Sources */ = {isa = PBXBuildFile; fileRef = 0796AA981B8F00D500A39BD7 /* MJRefreshLegendFooter.m */; };
		0796AAA91B8F00D500A39BD7 /* MJRefreshLegendHeader.m in Sources */ = {isa = PBXBuildFile; fileRef = 0796AA9A1B8F00D500A39BD7 /* MJRefreshLegendHeader.m */; };
		0796AAAA1B8F00D500A39BD7 /* UIScrollView+MJExtension.m in Sources */ = {isa = PBXBuildFile; fileRef = 0796AA9C1B8F00D500A39BD7 /* UIScrollView+MJExtension.m */; };
		0796AAAB1B8F00D500A39BD7 /* UIScrollView+MJRefresh.m in Sources */ = {isa = PBXBuildFile; fileRef = 0796AA9E1B8F00D500A39BD7 /* UIScrollView+MJRefresh.m */; };
		0796AAAC1B8F00D500A39BD7 /* UIView+MJExtension.m in Sources */ = {isa = PBXBuildFile; fileRef = 0796AAA01B8F00D500A39BD7 /* UIView+MJExtension.m */; };
		0796AAB11B8F10FC00A39BD7 /* zzArticleCell.xib in Resources */ = {isa = PBXBuildFile; fileRef = 0796AAB01B8F10FC00A39BD7 /* zzArticleCell.xib */; };
		0796AAB31B8F122000A39BD7 /* zzArticleCell.swift in Sources */ = {isa = PBXBuildFile; fileRef = 0796AAB21B8F122000A39BD7 /* zzArticleCell.swift */; };
		07A9DAB11B8D9761008B141A /* AppDelegate.swift in Sources */ = {isa = PBXBuildFile; fileRef = 07A9DAB01B8D9761008B141A /* AppDelegate.swift */; };
		07A9DAB61B8D9761008B141A /* Main.storyboard in Resources */ = {isa = PBXBuildFile; fileRef = 07A9DAB41B8D9761008B141A /* Main.storyboard */; };
		07A9DAB81B8D9761008B141A /* Images.xcassets in Resources */ = {isa = PBXBuildFile; fileRef = 07A9DAB71B8D9761008B141A /* Images.xcassets */; };
		07A9DABB1B8D9761008B141A /* LaunchScreen.xib in Resources */ = {isa = PBXBuildFile; fileRef = 07A9DAB91B8D9761008B141A /* LaunchScreen.xib */; };
		07A9DAC71B8D9761008B141A /* IT___swiftTests.swift in Sources */ = {isa = PBXBuildFile; fileRef = 07A9DAC61B8D9761008B141A /* IT___swiftTests.swift */; };
		07A9DAD21B8D992E008B141A /* MainTabBarController.swift in Sources */ = {isa = PBXBuildFile; fileRef = 07A9DAD11B8D992E008B141A /* MainTabBarController.swift */; };
		07A9DAD41B8D9974008B141A /* MainViewController.swift in Sources */ = {isa = PBXBuildFile; fileRef = 07A9DAD31B8D9974008B141A /* MainViewController.swift */; };
		07A9DAD61B8D999D008B141A /* Define.swift in Sources */ = {isa = PBXBuildFile; fileRef = 07A9DAD51B8D999D008B141A /* Define.swift */; };
		07A9DAD91B8D9CB2008B141A /* Article.swift in Sources */ = {isa = PBXBuildFile; fileRef = 07A9DAD81B8D9CB2008B141A /* Article.swift */; };
		07A9DADE1B8DA39A008B141A /* Api.swift in Sources */ = {isa = PBXBuildFile; fileRef = 07A9DADD1B8DA39A008B141A /* Api.swift */; };
		07A9DAE41B8DA458008B141A /* HomeViewController.swift in Sources */ = {isa = PBXBuildFile; fileRef = 07A9DAE31B8DA458008B141A /* HomeViewController.swift */; };
		91CD37507A0AC2CC23C50A9A /* Pods.framework in Frameworks */ = {isa = PBXBuildFile; fileRef = 1B260E93A03A7F49F0123E2A /* Pods.framework */; settings = {ATTRIBUTES = (Weak, ); }; };
/* End PBXBuildFile section */

/* Begin PBXContainerItemProxy section */
		07A9DAC11B8D9761008B141A /* PBXContainerItemProxy */ = {
			isa = PBXContainerItemProxy;
			containerPortal = 07A9DAA31B8D9761008B141A /* Project object */;
			proxyType = 1;
			remoteGlobalIDString = 07A9DAAA1B8D9761008B141A;
			remoteInfo = "IT江湖.swift";
		};
/* End PBXContainerItemProxy section */

/* Begin PBXFileReference section */
		0783E0931B9003DF006DFFC1 /* TechnologyViewController.swift */ = {isa = PBXFileReference; fileEncoding = 4; lastKnownFileType = sourcecode.swift; name = TechnologyViewController.swift; path = ../../../TechnologyViewController.swift; sourceTree = "<group>"; };
		078EA6501B93F6F3005CADD7 /* InterstingArticleViewControllerViewController.swift */ = {isa = PBXFileReference; fileEncoding = 4; lastKnownFileType = sourcecode.swift; name = InterstingArticleViewControllerViewController.swift; path = ../../../InterstingArticleViewControllerViewController.swift; sourceTree = "<group>"; };
		0796AA891B8F00D500A39BD7 /* MJRefresh.bundle */ = {isa = PBXFileReference; lastKnownFileType = "wrapper.plug-in"; path = MJRefresh.bundle; sourceTree = "<group>"; };
		0796AA8A1B8F00D500A39BD7 /* MJRefresh.h */ = {isa = PBXFileReference; fileEncoding = 4; lastKnownFileType = sourcecode.c.h; path = MJRefresh.h; sourceTree = "<group>"; };
		0796AA8B1B8F00D500A39BD7 /* MJRefreshComponent.h */ = {isa = PBXFileReference; fileEncoding = 4; lastKnownFileType = sourcecode.c.h; path = MJRefreshComponent.h; sourceTree = "<group>"; };
		0796AA8C1B8F00D500A39BD7 /* MJRefreshComponent.m */ = {isa = PBXFileReference; fileEncoding = 4; lastKnownFileType = sourcecode.c.objc; path = MJRefreshComponent.m; sourceTree = "<group>"; };
		0796AA8D1B8F00D500A39BD7 /* MJRefreshConst.h */ = {isa = PBXFileReference; fileEncoding = 4; lastKnownFileType = sourcecode.c.h; path = MJRefreshConst.h; sourceTree = "<group>"; };
		0796AA8E1B8F00D500A39BD7 /* MJRefreshConst.m */ = {isa = PBXFileReference; fileEncoding = 4; lastKnownFileType = sourcecode.c.objc; path = MJRefreshConst.m; sourceTree = "<group>"; };
		0796AA8F1B8F00D500A39BD7 /* MJRefreshFooter.h */ = {isa = PBXFileReference; fileEncoding = 4; lastKnownFileType = sourcecode.c.h; path = MJRefreshFooter.h; sourceTree = "<group>"; };
		0796AA901B8F00D500A39BD7 /* MJRefreshFooter.m */ = {isa = PBXFileReference; fileEncoding = 4; lastKnownFileType = sourcecode.c.objc; path = MJRefreshFooter.m; sourceTree = "<group>"; };
		0796AA911B8F00D500A39BD7 /* MJRefreshGifFooter.h */ = {isa = PBXFileReference; fileEncoding = 4; lastKnownFileType = sourcecode.c.h; path = MJRefreshGifFooter.h; sourceTree = "<group>"; };
		0796AA921B8F00D500A39BD7 /* MJRefreshGifFooter.m */ = {isa = PBXFileReference; fileEncoding = 4; lastKnownFileType = sourcecode.c.objc; path = MJRefreshGifFooter.m; sourceTree = "<group>"; };
		0796AA931B8F00D500A39BD7 /* MJRefreshGifHeader.h */ = {isa = PBXFileReference; fileEncoding = 4; lastKnownFileType = sourcecode.c.h; path = MJRefreshGifHeader.h; sourceTree = "<group>"; };
		0796AA941B8F00D500A39BD7 /* MJRefreshGifHeader.m */ = {isa = PBXFileReference; fileEncoding = 4; lastKnownFileType = sourcecode.c.objc; path = MJRefreshGifHeader.m; sourceTree = "<group>"; };
		0796AA951B8F00D500A39BD7 /* MJRefreshHeader.h */ = {isa = PBXFileReference; fileEncoding = 4; lastKnownFileType = sourcecode.c.h; path = MJRefreshHeader.h; sourceTree = "<group>"; };
		0796AA961B8F00D500A39BD7 /* MJRefreshHeader.m */ = {isa = PBXFileReference; fileEncoding = 4; lastKnownFileType = sourcecode.c.objc; path = MJRefreshHeader.m; sourceTree = "<group>"; };
		0796AA971B8F00D500A39BD7 /* MJRefreshLegendFooter.h */ = {isa = PBXFileReference; fileEncoding = 4; lastKnownFileType = sourcecode.c.h; path = MJRefreshLegendFooter.h; sourceTree = "<group>"; };
		0796AA981B8F00D500A39BD7 /* MJRefreshLegendFooter.m */ = {isa = PBXFileReference; fileEncoding = 4; lastKnownFileType = sourcecode.c.objc; path = MJRefreshLegendFooter.m; sourceTree = "<group>"; };
		0796AA991B8F00D500A39BD7 /* MJRefreshLegendHeader.h */ = {isa = PBXFileReference; fileEncoding = 4; lastKnownFileType = sourcecode.c.h; path = MJRefreshLegendHeader.h; sourceTree = "<group>"; };
		0796AA9A1B8F00D500A39BD7 /* MJRefreshLegendHeader.m */ = {isa = PBXFileReference; fileEncoding = 4; lastKnownFileType = sourcecode.c.objc; path = MJRefreshLegendHeader.m; sourceTree = "<group>"; };
		0796AA9B1B8F00D500A39BD7 /* UIScrollView+MJExtension.h */ = {isa = PBXFileReference; fileEncoding = 4; lastKnownFileType = sourcecode.c.h; path = "UIScrollView+MJExtension.h"; sourceTree = "<group>"; };
		0796AA9C1B8F00D500A39BD7 /* UIScrollView+MJExtension.m */ = {isa = PBXFileReference; fileEncoding = 4; lastKnownFileType = sourcecode.c.objc; path = "UIScrollView+MJExtension.m"; sourceTree = "<group>"; };
		0796AA9D1B8F00D500A39BD7 /* UIScrollView+MJRefresh.h */ = {isa = PBXFileReference; fileEncoding = 4; lastKnownFileType = sourcecode.c.h; path = "UIScrollView+MJRefresh.h"; sourceTree = "<group>"; };
		0796AA9E1B8F00D500A39BD7 /* UIScrollView+MJRefresh.m */ = {isa = PBXFileReference; fileEncoding = 4; lastKnownFileType = sourcecode.c.objc; path = "UIScrollView+MJRefresh.m"; sourceTree = "<group>"; };
		0796AA9F1B8F00D500A39BD7 /* UIView+MJExtension.h */ = {isa = PBXFileReference; fileEncoding = 4; lastKnownFileType = sourcecode.c.h; path = "UIView+MJExtension.h"; sourceTree = "<group>"; };
		0796AAA01B8F00D500A39BD7 /* UIView+MJExtension.m */ = {isa = PBXFileReference; fileEncoding = 4; lastKnownFileType = sourcecode.c.objc; path = "UIView+MJExtension.m"; sourceTree = "<group>"; };
		0796AAAF1B8F074400A39BD7 /* Bridging-Header.h */ = {isa = PBXFileReference; fileEncoding = 4; lastKnownFileType = sourcecode.c.h; path = "Bridging-Header.h"; sourceTree = "<group>"; };
		0796AAB01B8F10FC00A39BD7 /* zzArticleCell.xib */ = {isa = PBXFileReference; fileEncoding = 4; lastKnownFileType = file.xib; path = zzArticleCell.xib; sourceTree = "<group>"; };
		0796AAB21B8F122000A39BD7 /* zzArticleCell.swift */ = {isa = PBXFileReference; fileEncoding = 4; lastKnownFileType = sourcecode.swift; name = zzArticleCell.swift; path = ../../../zzArticleCell.swift; sourceTree = "<group>"; };
		07A9DAAB1B8D9761008B141A /* IT江湖.swift.app */ = {isa = PBXFileReference; explicitFileType = wrapper.application; includeInIndex = 0; path = "IT江湖.swift.app"; sourceTree = BUILT_PRODUCTS_DIR; };
		07A9DAAF1B8D9761008B141A /* Info.plist */ = {isa = PBXFileReference; lastKnownFileType = text.plist.xml; path = Info.plist; sourceTree = "<group>"; };
		07A9DAB01B8D9761008B141A /* AppDelegate.swift */ = {isa = PBXFileReference; lastKnownFileType = sourcecode.swift; name = AppDelegate.swift; path = ../AppDelegate.swift; sourceTree = "<group>"; };
		07A9DAB51B8D9761008B141A /* Base */ = {isa = PBXFileReference; lastKnownFileType = file.storyboard; name = Base; path = Base.lproj/Main.storyboard; sourceTree = "<group>"; };
		07A9DAB71B8D9761008B141A /* Images.xcassets */ = {isa = PBXFileReference; lastKnownFileType = folder.assetcatalog; path = Images.xcassets; sourceTree = "<group>"; };
		07A9DABA1B8D9761008B141A /* Base */ = {isa = PBXFileReference; lastKnownFileType = file.xib; name = Base; path = Base.lproj/LaunchScreen.xib; sourceTree = "<group>"; };
		07A9DAC01B8D9761008B141A /* IT江湖.swiftTests.xctest */ = {isa = PBXFileReference; explicitFileType = wrapper.cfbundle; includeInIndex = 0; path = "IT江湖.swiftTests.xctest"; sourceTree = BUILT_PRODUCTS_DIR; };
		07A9DAC51B8D9761008B141A /* Info.plist */ = {isa = PBXFileReference; lastKnownFileType = text.plist.xml; path = Info.plist; sourceTree = "<group>"; };
		07A9DAC61B8D9761008B141A /* IT___swiftTests.swift */ = {isa = PBXFileReference; lastKnownFileType = sourcecode.swift; path = "IT___swiftTests.swift"; sourceTree = "<group>"; };
		07A9DAD11B8D992E008B141A /* MainTabBarController.swift */ = {isa = PBXFileReference; fileEncoding = 4; lastKnownFileType = sourcecode.swift; path = MainTabBarController.swift; sourceTree = SOURCE_ROOT; };
		07A9DAD31B8D9974008B141A /* MainViewController.swift */ = {isa = PBXFileReference; fileEncoding = 4; lastKnownFileType = sourcecode.swift; path = MainViewController.swift; sourceTree = SOURCE_ROOT; };
		07A9DAD51B8D999D008B141A /* Define.swift */ = {isa = PBXFileReference; fileEncoding = 4; lastKnownFileType = sourcecode.swift; path = Define.swift; sourceTree = SOURCE_ROOT; };
		07A9DAD81B8D9CB2008B141A /* Article.swift */ = {isa = PBXFileReference; fileEncoding = 4; lastKnownFileType = sourcecode.swift; path = Article.swift; sourceTree = SOURCE_ROOT; };
		07A9DADD1B8DA39A008B141A /* Api.swift */ = {isa = PBXFileReference; fileEncoding = 4; lastKnownFileType = sourcecode.swift; path = Api.swift; sourceTree = "<group>"; };
		07A9DAE31B8DA458008B141A /* HomeViewController.swift */ = {isa = PBXFileReference; fileEncoding = 4; lastKnownFileType = sourcecode.swift; path = HomeViewController.swift; sourceTree = SOURCE_ROOT; };
		1B260E93A03A7F49F0123E2A /* Pods.framework */ = {isa = PBXFileReference; explicitFileType = wrapper.framework; includeInIndex = 0; path = Pods.framework; sourceTree = BUILT_PRODUCTS_DIR; };
		48669FFA50593C40506DEEA9 /* Pods.debug.xcconfig */ = {isa = PBXFileReference; includeInIndex = 1; lastKnownFileType = text.xcconfig; name = Pods.debug.xcconfig; path = "Pods/Target Support Files/Pods/Pods.debug.xcconfig"; sourceTree = "<group>"; };
		5016D71BE76B9A3311B71055 /* Pods.release.xcconfig */ = {isa = PBXFileReference; includeInIndex = 1; lastKnownFileType = text.xcconfig; name = Pods.release.xcconfig; path = "Pods/Target Support Files/Pods/Pods.release.xcconfig"; sourceTree = "<group>"; };
/* End PBXFileReference section */

/* Begin PBXFrameworksBuildPhase section */
		07A9DAA81B8D9761008B141A /* Frameworks */ = {
			isa = PBXFrameworksBuildPhase;
			buildActionMask = 2147483647;
			files = (
				91CD37507A0AC2CC23C50A9A /* Pods.framework in Frameworks */,
			);
			runOnlyForDeploymentPostprocessing = 0;
		};
		07A9DABD1B8D9761008B141A /* Frameworks */ = {
			isa = PBXFrameworksBuildPhase;
			buildActionMask = 2147483647;
			files = (
			);
			runOnlyForDeploymentPostprocessing = 0;
		};
/* End PBXFrameworksBuildPhase section */

/* Begin PBXGroup section */
		0796AA871B8EFFF300A39BD7 /* 3rd */ = {
			isa = PBXGroup;
			children = (
				0796AA881B8F00D500A39BD7 /* MJRefresh */,
			);
			path = 3rd;
			sourceTree = "<group>";
		};
		0796AA881B8F00D500A39BD7 /* MJRefresh */ = {
			isa = PBXGroup;
			children = (
				0796AA891B8F00D500A39BD7 /* MJRefresh.bundle */,
				0796AA8A1B8F00D500A39BD7 /* MJRefresh.h */,
				0796AA8B1B8F00D500A39BD7 /* MJRefreshComponent.h */,
				0796AA8C1B8F00D500A39BD7 /* MJRefreshComponent.m */,
				0796AA8D1B8F00D500A39BD7 /* MJRefreshConst.h */,
				0796AA8E1B8F00D500A39BD7 /* MJRefreshConst.m */,
				0796AA8F1B8F00D500A39BD7 /* MJRefreshFooter.h */,
				0796AA901B8F00D500A39BD7 /* MJRefreshFooter.m */,
				0796AA911B8F00D500A39BD7 /* MJRefreshGifFooter.h */,
				0796AA921B8F00D500A39BD7 /* MJRefreshGifFooter.m */,
				0796AA931B8F00D500A39BD7 /* MJRefreshGifHeader.h */,
				0796AA941B8F00D500A39BD7 /* MJRefreshGifHeader.m */,
				0796AA951B8F00D500A39BD7 /* MJRefreshHeader.h */,
				0796AA961B8F00D500A39BD7 /* MJRefreshHeader.m */,
				0796AA971B8F00D500A39BD7 /* MJRefreshLegendFooter.h */,
				0796AA981B8F00D500A39BD7 /* MJRefreshLegendFooter.m */,
				0796AA991B8F00D500A39BD7 /* MJRefreshLegendHeader.h */,
				0796AA9A1B8F00D500A39BD7 /* MJRefreshLegendHeader.m */,
				0796AA9B1B8F00D500A39BD7 /* UIScrollView+MJExtension.h */,
				0796AA9C1B8F00D500A39BD7 /* UIScrollView+MJExtension.m */,
				0796AA9D1B8F00D500A39BD7 /* UIScrollView+MJRefresh.h */,
				0796AA9E1B8F00D500A39BD7 /* UIScrollView+MJRefresh.m */,
				0796AA9F1B8F00D500A39BD7 /* UIView+MJExtension.h */,
				0796AAA01B8F00D500A39BD7 /* UIView+MJExtension.m */,
			);
			path = MJRefresh;
			sourceTree = "<group>";
		};
		07A9DAA21B8D9761008B141A = {
			isa = PBXGroup;
			children = (
				07A9DAAD1B8D9761008B141A /* IT江湖.swift */,
				07A9DAC31B8D9761008B141A /* IT江湖.swiftTests */,
				07A9DAAC1B8D9761008B141A /* Products */,
				246776BB6FF8F7EE8A77E88A /* Pods */,
				979D9C1B7104B913FFD8F16B /* Frameworks */,
			);
			sourceTree = "<group>";
		};
		07A9DAAC1B8D9761008B141A /* Products */ = {
			isa = PBXGroup;
			children = (
				07A9DAAB1B8D9761008B141A /* IT江湖.swift.app */,
				07A9DAC01B8D9761008B141A /* IT江湖.swiftTests.xctest */,
			);
			name = Products;
			sourceTree = "<group>";
		};
		07A9DAAD1B8D9761008B141A /* IT江湖.swift */ = {
			isa = PBXGroup;
			children = (
				0796AA871B8EFFF300A39BD7 /* 3rd */,
				07A9DADA1B8DA019008B141A /* Controller */,
				07A9DAD71B8D9C90008B141A /* Model */,
				07A9DAD01B8D97CE008B141A /* Base */,
				07A9DAB71B8D9761008B141A /* Images.xcassets */,
				07A9DAB91B8D9761008B141A /* LaunchScreen.xib */,
				07A9DAAE1B8D9761008B141A /* Supporting Files */,
			);
			path = "IT江湖.swift";
			sourceTree = "<group>";
		};
		07A9DAAE1B8D9761008B141A /* Supporting Files */ = {
			isa = PBXGroup;
			children = (
				07A9DAAF1B8D9761008B141A /* Info.plist */,
				0796AAAF1B8F074400A39BD7 /* Bridging-Header.h */,
			);
			name = "Supporting Files";
			sourceTree = "<group>";
		};
		07A9DAC31B8D9761008B141A /* IT江湖.swiftTests */ = {
			isa = PBXGroup;
			children = (
				07A9DAC61B8D9761008B141A /* IT___swiftTests.swift */,
				07A9DAC41B8D9761008B141A /* Supporting Files */,
			);
			path = "IT江湖.swiftTests";
			sourceTree = "<group>";
		};
		07A9DAC41B8D9761008B141A /* Supporting Files */ = {
			isa = PBXGroup;
			children = (
				07A9DAC51B8D9761008B141A /* Info.plist */,
			);
			name = "Supporting Files";
			sourceTree = "<group>";
		};
		07A9DAD01B8D97CE008B141A /* Base */ = {
			isa = PBXGroup;
			children = (
				07A9DAD11B8D992E008B141A /* MainTabBarController.swift */,
				07A9DAD31B8D9974008B141A /* MainViewController.swift */,
				07A9DAD51B8D999D008B141A /* Define.swift */,
				07A9DAB01B8D9761008B141A /* AppDelegate.swift */,
				07A9DADD1B8DA39A008B141A /* Api.swift */,
				07A9DAB41B8D9761008B141A /* Main.storyboard */,
			);
			path = Base;
			sourceTree = "<group>";
		};
		07A9DAD71B8D9C90008B141A /* Model */ = {
			isa = PBXGroup;
			children = (
				07A9DAD81B8D9CB2008B141A /* Article.swift */,
			);
			path = Model;
			sourceTree = "<group>";
		};
		07A9DADA1B8DA019008B141A /* Controller */ = {
			isa = PBXGroup;
			children = (
				07A9DAE31B8DA458008B141A /* HomeViewController.swift */,
				0783E0931B9003DF006DFFC1 /* TechnologyViewController.swift */,
				078EA6501B93F6F3005CADD7 /* InterstingArticleViewControllerViewController.swift */,
				0796AAB01B8F10FC00A39BD7 /* zzArticleCell.xib */,
				0796AAB21B8F122000A39BD7 /* zzArticleCell.swift */,
			);
			path = Controller;
			sourceTree = "<group>";
		};
		246776BB6FF8F7EE8A77E88A /* Pods */ = {
			isa = PBXGroup;
			children = (
				48669FFA50593C40506DEEA9 /* Pods.debug.xcconfig */,
				5016D71BE76B9A3311B71055 /* Pods.release.xcconfig */,
			);
			name = Pods;
			sourceTree = "<group>";
		};
		979D9C1B7104B913FFD8F16B /* Frameworks */ = {
			isa = PBXGroup;
			children = (
				1B260E93A03A7F49F0123E2A /* Pods.framework */,
			);
			name = Frameworks;
			sourceTree = "<group>";
		};
/* End PBXGroup section */

/* Begin PBXNativeTarget section */
		07A9DAAA1B8D9761008B141A /* IT江湖.swift */ = {
			isa = PBXNativeTarget;
			buildConfigurationList = 07A9DACA1B8D9761008B141A /* Build configuration list for PBXNativeTarget "IT江湖.swift" */;
			buildPhases = (
				16B2355E47361E437385B833 /* Check Pods Manifest.lock */,
				07A9DAA71B8D9761008B141A /* Sources */,
				07A9DAA81B8D9761008B141A /* Frameworks */,
				07A9DAA91B8D9761008B141A /* Resources */,
				4022331BAC4A42DDCA878313 /* Embed Pods Frameworks */,
				1405AA94FE5D7878D646EBE2 /* Copy Pods Resources */,
			);
			buildRules = (
			);
			dependencies = (
			);
			name = "IT江湖.swift";
			productName = "IT江湖.swift";
			productReference = 07A9DAAB1B8D9761008B141A /* IT江湖.swift.app */;
			productType = "com.apple.product-type.application";
		};
		07A9DABF1B8D9761008B141A /* IT江湖.swiftTests */ = {
			isa = PBXNativeTarget;
			buildConfigurationList = 07A9DACD1B8D9761008B141A /* Build configuration list for PBXNativeTarget "IT江湖.swiftTests" */;
			buildPhases = (
				07A9DABC1B8D9761008B141A /* Sources */,
				07A9DABD1B8D9761008B141A /* Frameworks */,
				07A9DABE1B8D9761008B141A /* Resources */,
			);
			buildRules = (
			);
			dependencies = (
				07A9DAC21B8D9761008B141A /* PBXTargetDependency */,
			);
			name = "IT江湖.swiftTests";
			productName = "IT江湖.swiftTests";
			productReference = 07A9DAC01B8D9761008B141A /* IT江湖.swiftTests.xctest */;
			productType = "com.apple.product-type.bundle.unit-test";
		};
/* End PBXNativeTarget section */

/* Begin PBXProject section */
		07A9DAA31B8D9761008B141A /* Project object */ = {
			isa = PBXProject;
			attributes = {
				LastUpgradeCheck = 0640;
				ORGANIZATIONNAME = "galaxy-link";
				TargetAttributes = {
					07A9DAAA1B8D9761008B141A = {
						CreatedOnToolsVersion = 6.4;
					};
					07A9DABF1B8D9761008B141A = {
						CreatedOnToolsVersion = 6.4;
						TestTargetID = 07A9DAAA1B8D9761008B141A;
					};
				};
			};
			buildConfigurationList = 07A9DAA61B8D9761008B141A /* Build configuration list for PBXProject "IT江湖.swift" */;
			compatibilityVersion = "Xcode 3.2";
			developmentRegion = English;
			hasScannedForEncodings = 0;
			knownRegions = (
				en,
				Base,
			);
			mainGroup = 07A9DAA21B8D9761008B141A;
			productRefGroup = 07A9DAAC1B8D9761008B141A /* Products */;
			projectDirPath = "";
			projectRoot = "";
			targets = (
				07A9DAAA1B8D9761008B141A /* IT江湖.swift */,
				07A9DABF1B8D9761008B141A /* IT江湖.swiftTests */,
			);
		};
/* End PBXProject section */

/* Begin PBXResourcesBuildPhase section */
		07A9DAA91B8D9761008B141A /* Resources */ = {
			isa = PBXResourcesBuildPhase;
			buildActionMask = 2147483647;
			files = (
				07A9DAB61B8D9761008B141A /* Main.storyboard in Resources */,
				0796AAB11B8F10FC00A39BD7 /* zzArticleCell.xib in Resources */,
				07A9DABB1B8D9761008B141A /* LaunchScreen.xib in Resources */,
				0796AAA11B8F00D500A39BD7 /* MJRefresh.bundle in Resources */,
				07A9DAB81B8D9761008B141A /* Images.xcassets in Resources */,
			);
			runOnlyForDeploymentPostprocessing = 0;
		};
		07A9DABE1B8D9761008B141A /* Resources */ = {
			isa = PBXResourcesBuildPhase;
			buildActionMask = 2147483647;
			files = (
			);
			runOnlyForDeploymentPostprocessing = 0;
		};
/* End PBXResourcesBuildPhase section */

/* Begin PBXShellScriptBuildPhase section */
		1405AA94FE5D7878D646EBE2 /* Copy Pods Resources */ = {
			isa = PBXShellScriptBuildPhase;
			buildActionMask = 2147483647;
			files = (
			);
			inputPaths = (
			);
			name = "Copy Pods Resources";
			outputPaths = (
			);
			runOnlyForDeploymentPostprocessing = 0;
			shellPath = /bin/sh;
			shellScript = "\"${SRCROOT}/Pods/Target Support Files/Pods/Pods-resources.sh\"\n";
			showEnvVarsInLog = 0;
		};
		16B2355E47361E437385B833 /* Check Pods Manifest.lock */ = {
			isa = PBXShellScriptBuildPhase;
			buildActionMask = 2147483647;
			files = (
			);
			inputPaths = (
			);
			name = "Check Pods Manifest.lock";
			outputPaths = (
			);
			runOnlyForDeploymentPostprocessing = 0;
			shellPath = /bin/sh;
			shellScript = "diff \"${PODS_ROOT}/../Podfile.lock\" \"${PODS_ROOT}/Manifest.lock\" > /dev/null\nif [[ $? != 0 ]] ; then\n    cat << EOM\nerror: The sandbox is not in sync with the Podfile.lock. Run 'pod install' or update your CocoaPods installation.\nEOM\n    exit 1\nfi\n";
			showEnvVarsInLog = 0;
		};
		4022331BAC4A42DDCA878313 /* Embed Pods Frameworks */ = {
			isa = PBXShellScriptBuildPhase;
			buildActionMask = 2147483647;
			files = (
			);
			inputPaths = (
			);
			name = "Embed Pods Frameworks";
			outputPaths = (
			);
			runOnlyForDeploymentPostprocessing = 0;
			shellPath = /bin/sh;
			shellScript = "\"${SRCROOT}/Pods/Target Support Files/Pods/Pods-frameworks.sh\"\n";
			showEnvVarsInLog = 0;
		};
/* End PBXShellScriptBuildPhase section */

/* Begin PBXSourcesBuildPhase section */
		07A9DAA71B8D9761008B141A /* Sources */ = {
			isa = PBXSourcesBuildPhase;
			buildActionMask = 2147483647;
			files = (
				0783E0941B9003DF006DFFC1 /* TechnologyViewController.swift in Sources */,
				0796AAA61B8F00D500A39BD7 /* MJRefreshGifHeader.m in Sources */,
				0796AAA91B8F00D500A39BD7 /* MJRefreshLegendHeader.m in Sources */,
				0796AAA21B8F00D500A39BD7 /* MJRefreshComponent.m in Sources */,
				07A9DADE1B8DA39A008B141A /* Api.swift in Sources */,
				0796AAA51B8F00D500A39BD7 /* MJRefreshGifFooter.m in Sources */,
				0796AAB31B8F122000A39BD7 /* zzArticleCell.swift in Sources */,
				0796AAA81B8F00D500A39BD7 /* MJRefreshLegendFooter.m in Sources */,
				07A9DAD41B8D9974008B141A /* MainViewController.swift in Sources */,
				07A9DAD21B8D992E008B141A /* MainTabBarController.swift in Sources */,
				07A9DAD61B8D999D008B141A /* Define.swift in Sources */,
				0796AAA31B8F00D500A39BD7 /* MJRefreshConst.m in Sources */,
				0796AAAB1B8F00D500A39BD7 /* UIScrollView+MJRefresh.m in Sources */,
				0796AAA71B8F00D500A39BD7 /* MJRefreshHeader.m in Sources */,
				07A9DAB11B8D9761008B141A /* AppDelegate.swift in Sources */,
				0796AAAC1B8F00D500A39BD7 /* UIView+MJExtension.m in Sources */,
				0796AAAA1B8F00D500A39BD7 /* UIScrollView+MJExtension.m in Sources */,
				078EA6511B93F6F3005CADD7 /* InterstingArticleViewControllerViewController.swift in Sources */,
				07A9DAE41B8DA458008B141A /* HomeViewController.swift in Sources */,
				07A9DAD91B8D9CB2008B141A /* Article.swift in Sources */,
				0796AAA41B8F00D500A39BD7 /* MJRefreshFooter.m in Sources */,
			);
			runOnlyForDeploymentPostprocessing = 0;
		};
		07A9DABC1B8D9761008B141A /* Sources */ = {
			isa = PBXSourcesBuildPhase;
			buildActionMask = 2147483647;
			files = (
				07A9DAC71B8D9761008B141A /* IT___swiftTests.swift in Sources */,
			);
			runOnlyForDeploymentPostprocessing = 0;
		};
/* End PBXSourcesBuildPhase section */

/* Begin PBXTargetDependency section */
		07A9DAC21B8D9761008B141A /* PBXTargetDependency */ = {
			isa = PBXTargetDependency;
			target = 07A9DAAA1B8D9761008B141A /* IT江湖.swift */;
			targetProxy = 07A9DAC11B8D9761008B141A /* PBXContainerItemProxy */;
		};
/* End PBXTargetDependency section */

/* Begin PBXVariantGroup section */
		07A9DAB41B8D9761008B141A /* Main.storyboard */ = {
			isa = PBXVariantGroup;
			children = (
				07A9DAB51B8D9761008B141A /* Base */,
			);
			name = Main.storyboard;
			path = ..;
			sourceTree = "<group>";
		};
		07A9DAB91B8D9761008B141A /* LaunchScreen.xib */ = {
			isa = PBXVariantGroup;
			children = (
				07A9DABA1B8D9761008B141A /* Base */,
			);
			name = LaunchScreen.xib;
			sourceTree = "<group>";
		};
/* End PBXVariantGroup section */

/* Begin XCBuildConfiguration section */
		07A9DAC81B8D9761008B141A /* Debug */ = {
			isa = XCBuildConfiguration;
			buildSettings = {
				ALWAYS_SEARCH_USER_PATHS = NO;
				CLANG_CXX_LANGUAGE_STANDARD = "gnu++0x";
				CLANG_CXX_LIBRARY = "libc++";
				CLANG_ENABLE_MODULES = YES;
				CLANG_ENABLE_OBJC_ARC = YES;
				CLANG_WARN_BOOL_CONVERSION = YES;
				CLANG_WARN_CONSTANT_CONVERSION = YES;
				CLANG_WARN_DIRECT_OBJC_ISA_USAGE = YES_ERROR;
				CLANG_WARN_EMPTY_BODY = YES;
				CLANG_WARN_ENUM_CONVERSION = YES;
				CLANG_WARN_INT_CONVERSION = YES;
				CLANG_WARN_OBJC_ROOT_CLASS = YES_ERROR;
				CLANG_WARN_UNREACHABLE_CODE = YES;
				CLANG_WARN__DUPLICATE_METHOD_MATCH = YES;
				"CODE_SIGN_IDENTITY[sdk=iphoneos*]" = "iPhone Developer";
				COPY_PHASE_STRIP = NO;
				DEBUG_INFORMATION_FORMAT = "dwarf-with-dsym";
				ENABLE_STRICT_OBJC_MSGSEND = YES;
				GCC_C_LANGUAGE_STANDARD = gnu99;
				GCC_DYNAMIC_NO_PIC = NO;
				GCC_NO_COMMON_BLOCKS = YES;
				GCC_OPTIMIZATION_LEVEL = 0;
				GCC_PREPROCESSOR_DEFINITIONS = (
					"DEBUG=1",
					"$(inherited)",
				);
				GCC_SYMBOLS_PRIVATE_EXTERN = NO;
				GCC_WARN_64_TO_32_BIT_CONVERSION = YES;
				GCC_WARN_ABOUT_RETURN_TYPE = YES_ERROR;
				GCC_WARN_UNDECLARED_SELECTOR = YES;
				GCC_WARN_UNINITIALIZED_AUTOS = YES_AGGRESSIVE;
				GCC_WARN_UNUSED_FUNCTION = YES;
				GCC_WARN_UNUSED_VARIABLE = YES;
				IPHONEOS_DEPLOYMENT_TARGET = 8.4;
				MTL_ENABLE_DEBUG_INFO = YES;
				ONLY_ACTIVE_ARCH = YES;
				SDKROOT = iphoneos;
				SWIFT_OPTIMIZATION_LEVEL = "-Onone";
			};
			name = Debug;
		};
		07A9DAC91B8D9761008B141A /* Release */ = {
			isa = XCBuildConfiguration;
			buildSettings = {
				ALWAYS_SEARCH_USER_PATHS = NO;
				CLANG_CXX_LANGUAGE_STANDARD = "gnu++0x";
				CLANG_CXX_LIBRARY = "libc++";
				CLANG_ENABLE_MODULES = YES;
				CLANG_ENABLE_OBJC_ARC = YES;
				CLANG_WARN_BOOL_CONVERSION = YES;
				CLANG_WARN_CONSTANT_CONVERSION = YES;
				CLANG_WARN_DIRECT_OBJC_ISA_USAGE = YES_ERROR;
				CLANG_WARN_EMPTY_BODY = YES;
				CLANG_WARN_ENUM_CONVERSION = YES;
				CLANG_WARN_INT_CONVERSION = YES;
				CLANG_WARN_OBJC_ROOT_CLASS = YES_ERROR;
				CLANG_WARN_UNREACHABLE_CODE = YES;
				CLANG_WARN__DUPLICATE_METHOD_MATCH = YES;
				"CODE_SIGN_IDENTITY[sdk=iphoneos*]" = "iPhone Developer";
				COPY_PHASE_STRIP = NO;
				DEBUG_INFORMATION_FORMAT = "dwarf-with-dsym";
				ENABLE_NS_ASSERTIONS = NO;
				ENABLE_STRICT_OBJC_MSGSEND = YES;
				GCC_C_LANGUAGE_STANDARD = gnu99;
				GCC_NO_COMMON_BLOCKS = YES;
				GCC_WARN_64_TO_32_BIT_CONVERSION = YES;
				GCC_WARN_ABOUT_RETURN_TYPE = YES_ERROR;
				GCC_WARN_UNDECLARED_SELECTOR = YES;
				GCC_WARN_UNINITIALIZED_AUTOS = YES_AGGRESSIVE;
				GCC_WARN_UNUSED_FUNCTION = YES;
				GCC_WARN_UNUSED_VARIABLE = YES;
				IPHONEOS_DEPLOYMENT_TARGET = 8.4;
				MTL_ENABLE_DEBUG_INFO = NO;
				SDKROOT = iphoneos;
				VALIDATE_PRODUCT = YES;
			};
			name = Release;
		};
		07A9DACB1B8D9761008B141A /* Debug */ = {
			isa = XCBuildConfiguration;
			baseConfigurationReference = 48669FFA50593C40506DEEA9 /* Pods.debug.xcconfig */;
			buildSettings = {
				ASSETCATALOG_COMPILER_APPICON_NAME = AppIcon;
				GCC_PREFIX_HEADER = "";
				INFOPLIST_FILE = "IT江湖.swift/Info.plist";
				LD_RUNPATH_SEARCH_PATHS = "$(inherited) @executable_path/Frameworks";
				PRODUCT_NAME = "$(TARGET_NAME)";
				SWIFT_OBJC_BRIDGING_HEADER = "IT江湖.swift/Bridging-Header.h";
			};
			name = Debug;
		};
		07A9DACC1B8D9761008B141A /* Release */ = {
			isa = XCBuildConfiguration;
			baseConfigurationReference = 5016D71BE76B9A3311B71055 /* Pods.release.xcconfig */;
			buildSettings = {
				ASSETCATALOG_COMPILER_APPICON_NAME = AppIcon;
				GCC_PREFIX_HEADER = "";
				INFOPLIST_FILE = "IT江湖.swift/Info.plist";
				LD_RUNPATH_SEARCH_PATHS = "$(inherited) @executable_path/Frameworks";
				PRODUCT_NAME = "$(TARGET_NAME)";
				SWIFT_OBJC_BRIDGING_HEADER = "IT江湖.swift/Bridging-Header.h";
			};
			name = Release;
		};
		07A9DACE1B8D9761008B141A /* Debug */ = {
			isa = XCBuildConfiguration;
			buildSettings = {
				BUNDLE_LOADER = "$(TEST_HOST)";
				FRAMEWORK_SEARCH_PATHS = (
					"$(SDKROOT)/Developer/Library/Frameworks",
					"$(inherited)",
				);
				GCC_PREPROCESSOR_DEFINITIONS = (
					"DEBUG=1",
					"$(inherited)",
				);
				INFOPLIST_FILE = "IT江湖.swiftTests/Info.plist";
				LD_RUNPATH_SEARCH_PATHS = "$(inherited) @executable_path/Frameworks @loader_path/Frameworks";
				PRODUCT_NAME = "$(TARGET_NAME)";
				TEST_HOST = "$(BUILT_PRODUCTS_DIR)/IT江湖.swift.app/IT江湖.swift";
			};
			name = Debug;
		};
		07A9DACF1B8D9761008B141A /* Release */ = {
			isa = XCBuildConfiguration;
			buildSettings = {
				BUNDLE_LOADER = "$(TEST_HOST)";
				FRAMEWORK_SEARCH_PATHS = (
					"$(SDKROOT)/Developer/Library/Frameworks",
					"$(inherited)",
				);
				INFOPLIST_FILE = "IT江湖.swiftTests/Info.plist";
				LD_RUNPATH_SEARCH_PATHS = "$(inherited) @executable_path/Frameworks @loader_path/Frameworks";
				PRODUCT_NAME = "$(TARGET_NAME)";
				TEST_HOST = "$(BUILT_PRODUCTS_DIR)/IT江湖.swift.app/IT江湖.swift";
			};
			name = Release;
		};
/* End XCBuildConfiguration section */

/* Begin XCConfigurationList section */
		07A9DAA61B8D9761008B141A /* Build configuration list for PBXProject "IT江湖.swift" */ = {
			isa = XCConfigurationList;
			buildConfigurations = (
				07A9DAC81B8D9761008B141A /* Debug */,
				07A9DAC91B8D9761008B141A /* Release */,
			);
			defaultConfigurationIsVisible = 0;
			defaultConfigurationName = Release;
		};
		07A9DACA1B8D9761008B141A /* Build configuration list for PBXNativeTarget "IT江湖.swift" */ = {
			isa = XCConfigurationList;
			buildConfigurations = (
				07A9DACB1B8D9761008B141A /* Debug */,
				07A9DACC1B8D9761008B141A /* Release */,
			);
			defaultConfigurationIsVisible = 0;
			defaultConfigurationName = Release;
		};
		07A9DACD1B8D9761008B141A /* Build configuration list for PBXNativeTarget "IT江湖.swiftTests" */ = {
			isa = XCConfigurationList;
			buildConfigurations = (
				07A9DACE1B8D9761008B141A /* Debug */,
				07A9DACF1B8D9761008B141A /* Release */,
			);
			defaultConfigurationIsVisible = 0;
			defaultConfigurationName = Release;
		};
/* End XCConfigurationList section */
	};
	rootObject = 07A9DAA31B8D9761008B141A /* Project object */;
}
